github.com/mdfriday/theme-saasify v0.0.0-20250129023508-346795b7aacd h1:KBk7RIzRNc5MzqUYskifS6HkYZhf3iKdThtW0EE58jk=
github.com/mdfriday/theme-saasify v0.0.0-20250129023508-346795b7aacd/go.mod h1:Jy8u8I5p7umA43wQ3Kh32Y/DHVf1IH6Lcn2U3JfImFQ=
github.com/mdfriday/theme-saasify v0.0.0-20250129030059-9386d42edc79 h1:b2mSrYYrwxf03EQ2amLxBReK9tBoPmDnbqX7BIL0ztE=
github.com/mdfriday/theme-saasify v0.0.0-20250129030059-9386d42edc79/go.mod h1:Jy8u8I5p7umA43wQ3Kh32Y/DHVf1IH6Lcn2U3JfImFQ=
